
Microsoft Visual Studio Solution File, Format Version 12.00
# Visual Studio Version 17
VisualStudioVersion = 17.9.34723.18
MinimumVisualStudioVersion = 10.0.40219.1
Project("{9A19103F-16F7-4668-BE54-9A1E7A4F7556}") = "ePizzaHub.Core", "ePizzaHub.Core\ePizzaHub.Core.csproj", "{2A0382E4-FC0D-4C2B-8B7D-A087D6B73628}"
EndProject
Project("{9A19103F-16F7-4668-BE54-9A1E7A4F7556}") = "ePizzaHub.Repositories", "ePizzaHub.Repositories\ePizzaHub.Repositories.csproj", "{06B613D3-0879-487F-90A1-0110DFA5FCF3}"
EndProject
Project("{9A19103F-16F7-4668-BE54-9A1E7A4F7556}") = "ePizzaHub.Services", "ePizzaHub.Services\ePizzaHub.Services.csproj", "{013A53AB-2F59-4B46-A522-6AFD0ADE80EE}"
EndProject
Project("{9A19103F-16F7-4668-BE54-9A1E7A4F7556}") = "ePizzaHub.Models", "ePizzaHub.Models\ePizzaHub.Models.csproj", "{5407D0CC-3E13-4434-949E-757330D8884D}"
EndProject
Project("{9A19103F-16F7-4668-BE54-9A1E7A4F7556}") = "ePizzaHub.UI", "ePizzaHub.UI\ePizzaHub.UI.csproj", "{F2209DAF-D752-4D57-A6AB-15896049B9A9}"
EndProject
Project("{9A19103F-16F7-4668-BE54-9A1E7A4F7556}") = "ePizzaHub.API", "ePizzaHub.API\ePizzaHub.API.csproj", "{7E430A4B-68A6-4F7E-B8FD-8F0B95CA42CC}"
EndProject
Project("{00D1A9C2-B5F0-4AF3-8072-F6C62B433612}") = "ePizzaHub.DB", "Db\ePizzaHub.DB\ePizzaHub.DB.sqlproj", "{5E736419-622E-485C-ADF9-CE14C996F0EB}"
EndProject
Global
	GlobalSection(SolutionConfigurationPlatforms) = preSolution
		Debug|Any CPU = Debug|Any CPU
		Release|Any CPU = Release|Any CPU
	EndGlobalSection
	GlobalSection(ProjectConfigurationPlatforms) = postSolution
		{2A0382E4-FC0D-4C2B-8B7D-A087D6B73628}.Debug|Any CPU.ActiveCfg = Debug|Any CPU
		{2A0382E4-FC0D-4C2B-8B7D-A087D6B73628}.Debug|Any CPU.Build.0 = Debug|Any CPU
		{2A0382E4-FC0D-4C2B-8B7D-A087D6B73628}.Release|Any CPU.ActiveCfg = Release|Any CPU
		{2A0382E4-FC0D-4C2B-8B7D-A087D6B73628}.Release|Any CPU.Build.0 = Release|Any CPU
		{06B613D3-0879-487F-90A1-0110DFA5FCF3}.Debug|Any CPU.ActiveCfg = Debug|Any CPU
		{06B613D3-0879-487F-90A1-0110DFA5FCF3}.Debug|Any CPU.Build.0 = Debug|Any CPU
		{06B613D3-0879-487F-90A1-0110DFA5FCF3}.Release|Any CPU.ActiveCfg = Release|Any CPU
		{06B613D3-0879-487F-90A1-0110DFA5FCF3}.Release|Any CPU.Build.0 = Release|Any CPU
		{013A53AB-2F59-4B46-A522-6AFD0ADE80EE}.Debug|Any CPU.ActiveCfg = Debug|Any CPU
		{013A53AB-2F59-4B46-A522-6AFD0ADE80EE}.Debug|Any CPU.Build.0 = Debug|Any CPU
		{013A53AB-2F59-4B46-A522-6AFD0ADE80EE}.Release|Any CPU.ActiveCfg = Release|Any CPU
		{013A53AB-2F59-4B46-A522-6AFD0ADE80EE}.Release|Any CPU.Build.0 = Release|Any CPU
		{5407D0CC-3E13-4434-949E-757330D8884D}.Debug|Any CPU.ActiveCfg = Debug|Any CPU
		{5407D0CC-3E13-4434-949E-757330D8884D}.Debug|Any CPU.Build.0 = Debug|Any CPU
		{5407D0CC-3E13-4434-949E-757330D8884D}.Release|Any CPU.ActiveCfg = Release|Any CPU
		{5407D0CC-3E13-4434-949E-757330D8884D}.Release|Any CPU.Build.0 = Release|Any CPU
		{F2209DAF-D752-4D57-A6AB-15896049B9A9}.Debug|Any CPU.ActiveCfg = Debug|Any CPU
		{F2209DAF-D752-4D57-A6AB-15896049B9A9}.Debug|Any CPU.Build.0 = Debug|Any CPU
		{F2209DAF-D752-4D57-A6AB-15896049B9A9}.Release|Any CPU.ActiveCfg = Release|Any CPU
		{F2209DAF-D752-4D57-A6AB-15896049B9A9}.Release|Any CPU.Build.0 = Release|Any CPU
		{7E430A4B-68A6-4F7E-B8FD-8F0B95CA42CC}.Debug|Any CPU.ActiveCfg = Debug|Any CPU
		{7E430A4B-68A6-4F7E-B8FD-8F0B95CA42CC}.Debug|Any CPU.Build.0 = Debug|Any CPU
		{7E430A4B-68A6-4F7E-B8FD-8F0B95CA42CC}.Release|Any CPU.ActiveCfg = Release|Any CPU
		{7E430A4B-68A6-4F7E-B8FD-8F0B95CA42CC}.Release|Any CPU.Build.0 = Release|Any CPU
		{5E736419-622E-485C-ADF9-CE14C996F0EB}.Debug|Any CPU.ActiveCfg = Debug|Any CPU
		{5E736419-622E-485C-ADF9-CE14C996F0EB}.Debug|Any CPU.Build.0 = Debug|Any CPU
		{5E736419-622E-485C-ADF9-CE14C996F0EB}.Debug|Any CPU.Deploy.0 = Debug|Any CPU
		{5E736419-622E-485C-ADF9-CE14C996F0EB}.Release|Any CPU.ActiveCfg = Release|Any CPU
		{5E736419-622E-485C-ADF9-CE14C996F0EB}.Release|Any CPU.Build.0 = Release|Any CPU
		{5E736419-622E-485C-ADF9-CE14C996F0EB}.Release|Any CPU.Deploy.0 = Release|Any CPU
	EndGlobalSection
	GlobalSection(SolutionProperties) = preSolution
		HideSolutionNode = FALSE
	EndGlobalSection
	GlobalSection(ExtensibilityGlobals) = postSolution
		SolutionGuid = {F9AFB08B-2D6F-4451-AE3F-70ED259361A8}
	EndGlobalSection
EndGlobal
